{
  "requires": true,
  "lockfileVersion": 1,
  "dependencies": {
    "@ngrx/store": {
      "version": "8.4.0",
      "resolved": "https://registry.npmjs.org/@ngrx/store/-/store-8.4.0.tgz",
      "integrity": "sha512-Z8+2hfGcynGrzJuU7ixxYxOI6M2E0H8Omni1u01h55vvaZeoTO8bRt6OWqbjxxEsSKQmBBZ1XyOuuZXSWjxvYw=="
    }
  }
}
